
Microsoft Visual Studio Solution File, Format Version 12.00
# Visual Studio Version 16
VisualStudioVersion = 16.0.31424.327
MinimumVisualStudioVersion = 10.0.40219.1
Project("{FAE04EC0-301F-11D3-BF4B-00C04F79EFBC}") = "MyWebSite", "MyWebSite\MyWebSite.csproj", "{B20FB166-0737-49A4-ADB8-3D8770B17B59}"
EndProject
Global
	GlobalSection(SolutionConfigurationPlatforms) = preSolution
		Debug|Any CPU = Debug|Any CPU
		Release|Any CPU = Release|Any CPU
	EndGlobalSection
	GlobalSection(ProjectConfigurationPlatforms) = postSolution
		{B20FB166-0737-49A4-ADB8-3D8770B17B59}.Debug|Any CPU.ActiveCfg = Debug|Any CPU
		{B20FB166-0737-49A4-ADB8-3D8770B17B59}.Debug|Any CPU.Build.0 = Debug|Any CPU
		{B20FB166-0737-49A4-ADB8-3D8770B17B59}.Release|Any CPU.ActiveCfg = Release|Any CPU
		{B20FB166-0737-49A4-ADB8-3D8770B17B59}.Release|Any CPU.Build.0 = Release|Any CPU
	EndGlobalSection
	GlobalSection(SolutionProperties) = preSolution
		HideSolutionNode = FALSE
	EndGlobalSection
	GlobalSection(ExtensibilityGlobals) = postSolution
		SolutionGuid = {8DEFDA7A-F0E7-4BB1-9193-7A950C686415}
	EndGlobalSection
EndGlobal
